
Microsoft Visual Studio Solution File, Format Version 12.00
# Visual Studio Version 17
VisualStudioVersion = 17.9.34607.119
MinimumVisualStudioVersion = 10.0.40219.1
Project("{FAE04EC0-301F-11D3-BF4B-00C04F79EFBC}") = "DataLayer", "DataLayer\DataLayer.csproj", "{B0F4E30D-3EF4-4680-A331-5A1BFDD11847}"
EndProject
Project("{FAE04EC0-301F-11D3-BF4B-00C04F79EFBC}") = "BusinessLayer", "BusinessLayer\BusinessLayer.csproj", "{AD4C0F2D-3469-44DD-BE1C-FE997A956939}"
EndProject
Project("{FAE04EC0-301F-11D3-BF4B-00C04F79EFBC}") = "QLNhanSu", "QLNhanSu\QLNhanSu.csproj", "{379CF68A-EB79-4787-B5B6-B9581CCDF1D5}"
EndProject
Global
	GlobalSection(SolutionConfigurationPlatforms) = preSolution
		Debug|Any CPU = Debug|Any CPU
		Release|Any CPU = Release|Any CPU
	EndGlobalSection
	GlobalSection(ProjectConfigurationPlatforms) = postSolution
		{B0F4E30D-3EF4-4680-A331-5A1BFDD11847}.Debug|Any CPU.ActiveCfg = Debug|Any CPU
		{B0F4E30D-3EF4-4680-A331-5A1BFDD11847}.Debug|Any CPU.Build.0 = Debug|Any CPU
		{B0F4E30D-3EF4-4680-A331-5A1BFDD11847}.Release|Any CPU.ActiveCfg = Release|Any CPU
		{B0F4E30D-3EF4-4680-A331-5A1BFDD11847}.Release|Any CPU.Build.0 = Release|Any CPU
		{AD4C0F2D-3469-44DD-BE1C-FE997A956939}.Debug|Any CPU.ActiveCfg = Debug|Any CPU
		{AD4C0F2D-3469-44DD-BE1C-FE997A956939}.Debug|Any CPU.Build.0 = Debug|Any CPU
		{AD4C0F2D-3469-44DD-BE1C-FE997A956939}.Release|Any CPU.ActiveCfg = Release|Any CPU
		{AD4C0F2D-3469-44DD-BE1C-FE997A956939}.Release|Any CPU.Build.0 = Release|Any CPU
		{379CF68A-EB79-4787-B5B6-B9581CCDF1D5}.Debug|Any CPU.ActiveCfg = Debug|Any CPU
		{379CF68A-EB79-4787-B5B6-B9581CCDF1D5}.Debug|Any CPU.Build.0 = Debug|Any CPU
		{379CF68A-EB79-4787-B5B6-B9581CCDF1D5}.Release|Any CPU.ActiveCfg = Release|Any CPU
		{379CF68A-EB79-4787-B5B6-B9581CCDF1D5}.Release|Any CPU.Build.0 = Release|Any CPU
	EndGlobalSection
	GlobalSection(SolutionProperties) = preSolution
		HideSolutionNode = FALSE
	EndGlobalSection
	GlobalSection(ExtensibilityGlobals) = postSolution
		SolutionGuid = {C75B93A7-47CF-4255-9797-731048108722}
	EndGlobalSection
EndGlobal
